
Microsoft Visual Studio Solution File, Format Version 12.00
# Visual Studio for Mac
Project("{FAE04EC0-301F-11D3-BF4B-00C04F79EFBC}") = "Assembly-CSharp-firstpass", "Assembly-CSharp-firstpass.csproj", "{329EB598-1729-3807-BABE-301A1D065BE2}"
EndProject
Project("{FAE04EC0-301F-11D3-BF4B-00C04F79EFBC}") = "Assembly-CSharp", "Assembly-CSharp.csproj", "{384B6FA2-76E5-991B-770C-E23FB9609DCD}"
EndProject
Global
	GlobalSection(SolutionConfigurationPlatforms) = preSolution
		Debug|Any CPU = Debug|Any CPU
		Release|Any CPU = Release|Any CPU
	EndGlobalSection
	GlobalSection(ProjectConfigurationPlatforms) = postSolution
		{329EB598-1729-3807-BABE-301A1D065BE2}.Debug|Any CPU.ActiveCfg = Debug|Any CPU
		{329EB598-1729-3807-BABE-301A1D065BE2}.Debug|Any CPU.Build.0 = Debug|Any CPU
		{329EB598-1729-3807-BABE-301A1D065BE2}.Release|Any CPU.ActiveCfg = Release|Any CPU
		{329EB598-1729-3807-BABE-301A1D065BE2}.Release|Any CPU.Build.0 = Release|Any CPU
		{384B6FA2-76E5-991B-770C-E23FB9609DCD}.Debug|Any CPU.ActiveCfg = Debug|Any CPU
		{384B6FA2-76E5-991B-770C-E23FB9609DCD}.Debug|Any CPU.Build.0 = Debug|Any CPU
		{384B6FA2-76E5-991B-770C-E23FB9609DCD}.Release|Any CPU.ActiveCfg = Release|Any CPU
		{384B6FA2-76E5-991B-770C-E23FB9609DCD}.Release|Any CPU.Build.0 = Release|Any CPU
	EndGlobalSection
	GlobalSection(SolutionProperties) = preSolution
		HideSolutionNode = FALSE
	EndGlobalSection
EndGlobal
